
Microsoft Visual Studio Solution File, Format Version 12.00
# Visual Studio Version 17
VisualStudioVersion = 17.8.34316.72
MinimumVisualStudioVersion = 10.0.40219.1
Project("{9A19103F-16F7-4668-BE54-9A1E7A4F7556}") = "EasyFitHub", "EasyFitHub\EasyFitHub.csproj", "{41409AC4-D30D-4952-98D3-FFD04C16D47A}"
EndProject
Project("{FAE04EC0-301F-11D3-BF4B-00C04F79EFBC}") = "EasyFitHubTests", "EasyFitHubTests\EasyFitHubTests.csproj", "{43BBC223-7666-400F-BCC5-BCB45AC8F8C0}"
EndProject
Global
	GlobalSection(SolutionConfigurationPlatforms) = preSolution
		Debug|Any CPU = Debug|Any CPU
		Release|Any CPU = Release|Any CPU
	EndGlobalSection
	GlobalSection(ProjectConfigurationPlatforms) = postSolution
		{41409AC4-D30D-4952-98D3-FFD04C16D47A}.Debug|Any CPU.ActiveCfg = Debug|Any CPU
		{41409AC4-D30D-4952-98D3-FFD04C16D47A}.Debug|Any CPU.Build.0 = Debug|Any CPU
		{41409AC4-D30D-4952-98D3-FFD04C16D47A}.Release|Any CPU.ActiveCfg = Release|Any CPU
		{41409AC4-D30D-4952-98D3-FFD04C16D47A}.Release|Any CPU.Build.0 = Release|Any CPU
		{43BBC223-7666-400F-BCC5-BCB45AC8F8C0}.Debug|Any CPU.ActiveCfg = Debug|Any CPU
		{43BBC223-7666-400F-BCC5-BCB45AC8F8C0}.Debug|Any CPU.Build.0 = Debug|Any CPU
		{43BBC223-7666-400F-BCC5-BCB45AC8F8C0}.Release|Any CPU.ActiveCfg = Release|Any CPU
		{43BBC223-7666-400F-BCC5-BCB45AC8F8C0}.Release|Any CPU.Build.0 = Release|Any CPU
	EndGlobalSection
	GlobalSection(SolutionProperties) = preSolution
		HideSolutionNode = FALSE
	EndGlobalSection
	GlobalSection(ExtensibilityGlobals) = postSolution
		SolutionGuid = {A47B872B-6D96-455C-850D-EF6EE9B6D471}
	EndGlobalSection
EndGlobal
